<?xml version="1.0" encoding="utf-8"?>
<Project ToolsVersion="4.0" xmlns="http://schemas.microsoft.com/developer/msbuild/2003">
  <ItemGroup>
    <Filter Include="Source Files">
      <UniqueIdentifier>{4FC737F1-C7A5-4376-A066-2A32D752A2FF}</UniqueIdentifier>
      <Extensions>cpp;c;cc;cxx;def;odl;idl;hpj;bat;asm;asmx</Extensions>
    </Filter>
    <Filter Include="Header Files">
      <UniqueIdentifier>{93995380-89BD-4b04-88EB-625FBE52EBFB}</UniqueIdentifier>
      <Extensions>h;hh;hpp;hxx;hm;inl;inc;xsd</Extensions>
    </Filter>
    <Filter Include="Resource Files">
      <UniqueIdentifier>{67DA6AB6-F800-4c08-8B7A-83BB121AAD01}</UniqueIdentifier>
      <Extensions>rc;ico;cur;bmp;dlg;rc2;rct;bin;rgs;gif;jpg;jpeg;jpe;resx;tiff;tif;png;wav;mfcribbon-ms</Extensions>
    </Filter>
  </ItemGroup>
  <ItemGroup>
    <None Include="meteoFMClock.ino" />
    <None Include="0_data.ino" />
    <None Include="1_setup.ino" />
    <None Include="2_loop.ino" />
    <None Include="alarmMode.ino" />
    <None Include="backlight.ino" />
    <None Include="dotBlinking.ino" />
    <None Include="flip.ino" />
    <None Include="glitch.ino" />
    <None Include="isr.ino" />
    <None Include="lampBurning.ino" />
    <None Include="mainMode.ino" />
    <None Include="mode.ino" />
    <None Include="nightSwitcher.ino" />
    <None Include="rgbBacklight.ino" />
    <None Include="setupMode.ino" />
    <None Include="timeFunctions.ino" />
    <None Include="timerMinim.ino" />
    <None Include="weatherMode.ino" />
    <None Include="radioMode.ino" />
    <None Include="CL6017S.ino">
      <Filter>Source Files</Filter>
    </None>
  </ItemGroup>
  <ItemGroup>
    <ClInclude Include="effect.h">
      <Filter>Header Files</Filter>
    </ClInclude>
    <ClInclude Include="mode.h">
      <Filter>Header Files</Filter>
    </ClInclude>
    <ClInclude Include="modeSelector.h">
      <Filter>Header Files</Filter>
    </ClInclude>
    <ClInclude Include="timerMinim.h">
      <Filter>Header Files</Filter>
    </ClInclude>
    <ClInclude Include="irCodes.h">
      <Filter>Header Files</Filter>
    </ClInclude>
    <ClInclude Include="CL6017S.h">
      <Filter>Header Files</Filter>
    </ClInclude>
    <ClInclude Include="__vm\.meteoFMClock.vsarduino.h">
      <Filter>Header Files</Filter>
    </ClInclude>
  </ItemGroup>
</Project>